{
  "requires": true,
  "lockfileVersion": 1,
  "dependencies": {
    "@babel/runtime": {
      "version": "7.11.2",
      "resolved": "https://registry.npmjs.org/@babel/runtime/-/runtime-7.11.2.tgz",
      "integrity": "sha512-TeWkU52so0mPtDcaCTxNBI/IHiz0pZgr8VEFqXFtZWpYD08ZB6FaSwVAS8MKRQAP3bYKiVjwysOJgMFY28o6Tw==",
      "requires": {
        "regenerator-runtime": "^0.13.4"
      }
    },
    "@blueprintjs/core": {
      "version": "3.22.2",
      "resolved": "https://registry.npmjs.org/@blueprintjs/core/-/core-3.22.2.tgz",
      "integrity": "sha512-gROggPOtatxEP/l8Bw4WewEy21qbk66W+zEtVELEt4NtpD/3RntwVkdFfKJWb/bCA7+j29iQcOaBKkClwf7MuQ==",
      "requires": {
        "@blueprintjs/icons": "^3.12.0",
        "@types/dom4": "^2.0.1",
        "classnames": "^2.2",
        "dom4": "^2.1.5",
        "normalize.css": "^8.0.1",
        "popper.js": "^1.15.0",
        "react-lifecycles-compat": "^3.0.4",
        "react-popper": "^1.3.7",
        "react-transition-group": "^2.9.0",
        "resize-observer-polyfill": "^1.5.1",
        "tslib": "~1.9.0"
      }
    },
    "@blueprintjs/icons": {
      "version": "3.20.1",
      "resolved": "https://registry.npmjs.org/@blueprintjs/icons/-/icons-3.20.1.tgz",
      "integrity": "sha512-BYXr2oOeKlcYoqpbCj2qCmTvAMf1HEM98v0yo024NXKFcnBdcf9ZF3/y4vmrRUijSJ2JLLCR+a0XE3lhweFWow==",
      "requires": {
        "classnames": "^2.2",
        "tslib": "~1.13.0"
      },
      "dependencies": {
        "tslib": {
          "version": "1.13.0",
          "resolved": "https://registry.npmjs.org/tslib/-/tslib-1.13.0.tgz",
          "integrity": "sha512-i/6DQjL8Xf3be4K/E6Wgpekn5Qasl1usyw++dAA35Ue5orEn65VIxOA+YvNNl9HV3qv70T7CNwjODHZrLwvd1Q=="
        }
      }
    },
    "@blueprintjs/select": {
      "version": "3.11.2",
      "resolved": "https://registry.npmjs.org/@blueprintjs/select/-/select-3.11.2.tgz",
      "integrity": "sha512-fU0Km6QI/ayWhzYeu9N1gTj0+L0XUO4KB3u2LfJXgj648UGY8F4HX2ETdJ+XPdtsu6TesrIL7ghMQhtLcvafBg==",
      "requires": {
        "@blueprintjs/core": "^3.20.0",
        "classnames": "^2.2",
        "tslib": "~1.9.0"
      }
    },
    "@jupyterlab/coreutils": {
      "version": "4.1.0",
      "resolved": "https://registry.npmjs.org/@jupyterlab/coreutils/-/coreutils-4.1.0.tgz",
      "integrity": "sha512-2lcXHd8ZCUuqoiZYK9Xs4HHX46jkdtsdmfgvgg/3odFXFMdv4Twau7fqr9URgRl5JYszPPpItGJIorAVipVfNQ==",
      "requires": {
        "@lumino/coreutils": "^1.4.2",
        "@lumino/disposable": "^1.3.5",
        "@lumino/signaling": "^1.3.5",
        "minimist": "~1.2.0",
        "moment": "^2.24.0",
        "path-posix": "~1.0.0",
        "url-parse": "~1.4.7"
      }
    },
    "@jupyterlab/nbformat": {
      "version": "2.1.0",
      "resolved": "https://registry.npmjs.org/@jupyterlab/nbformat/-/nbformat-2.1.0.tgz",
      "integrity": "sha512-4NybeAvLTpGLZguARl6g4ENGzIPYwUaU+CZpcH2H0vq47oXrzRrZMsiWq5Dufrn0sIhOD9CINHXJ9mxIYzj/JA==",
      "requires": {
        "@lumino/coreutils": "^1.4.2"
      }
    },
    "@jupyterlab/observables": {
      "version": "3.1.0",
      "resolved": "https://registry.npmjs.org/@jupyterlab/observables/-/observables-3.1.0.tgz",
      "integrity": "sha512-4Dx6o5BzHVdWFFUPTAaeUkGngJfy5Qm0N37lbh/2NcWz1NZuuC6SrgREW3zcLSKwxdwkMAXo6En0T1UyrCFjTA==",
      "requires": {
        "@lumino/algorithm": "^1.2.3",
        "@lumino/coreutils": "^1.4.2",
        "@lumino/disposable": "^1.3.5",
        "@lumino/messaging": "^1.3.3",
        "@lumino/signaling": "^1.3.5"
      }
    },
    "@jupyterlab/settingregistry": {
      "version": "2.1.0",
      "resolved": "https://registry.npmjs.org/@jupyterlab/settingregistry/-/settingregistry-2.1.0.tgz",
      "integrity": "sha512-FkWKcg+7d4iWz/u7am3kmRWraJiVE5uidvzADE/PfByGhYQnwJ0ROjyJwaf/GFJv7yJZewxyr7Q4JXVuoIZwPg==",
      "requires": {
        "@jupyterlab/statedb": "^2.1.0",
        "@lumino/commands": "^1.10.1",
        "@lumino/coreutils": "^1.4.2",
        "@lumino/disposable": "^1.3.5",
        "@lumino/signaling": "^1.3.5",
        "ajv": "^6.10.2",
        "json5": "^2.1.1"
      }
    },
    "@jupyterlab/statedb": {
      "version": "2.1.0",
      "resolved": "https://registry.npmjs.org/@jupyterlab/statedb/-/statedb-2.1.0.tgz",
      "integrity": "sha512-3L0NGJvNeI2KeU6jrY97riEmxcKtHb1WRxbMU9ORIppR5Sb5x3K3qErep7r9qu0lV7XH9Zb95uMukX4bgj2GaA==",
      "requires": {
        "@lumino/commands": "^1.10.1",
        "@lumino/coreutils": "^1.4.2",
        "@lumino/disposable": "^1.3.5",
        "@lumino/properties": "^1.1.6",
        "@lumino/signaling": "^1.3.5"
      }
    },
    "@lumino/algorithm": {
      "version": "1.3.3",
      "resolved": "https://registry.npmjs.org/@lumino/algorithm/-/algorithm-1.3.3.tgz",
      "integrity": "sha512-I2BkssbOSLq3rDjgAC3fzf/zAIwkRUnAh60MO0lYcaFdSGyI15w4K3gwZHGIO0p9cKEiNHLXKEODGmOjMLOQ3g=="
    },
    "@lumino/collections": {
      "version": "1.3.3",
      "resolved": "https://registry.npmjs.org/@lumino/collections/-/collections-1.3.3.tgz",
      "integrity": "sha512-vN3GSV5INkgM6tMLd+WqTgaPnQNTY7L/aFUtTOC8TJQm+vg1eSmR4fNXsoGHM3uA85ctSJThvdZr5triu1Iajg==",
      "requires": {
        "@lumino/algorithm": "^1.3.3"
      }
    },
    "@lumino/commands": {
      "version": "1.10.1",
      "resolved": "https://registry.npmjs.org/@lumino/commands/-/commands-1.10.1.tgz",
      "integrity": "sha512-HGtXtqKD1WZJszJ42u2DyM3sgxrLal66IoHSJjbn2ygcEVCKDK73NSzoaQtXFtiissMedzKl8aIRXB3uyeEOlw==",
      "requires": {
        "@lumino/algorithm": "^1.2.3",
        "@lumino/coreutils": "^1.4.2",
        "@lumino/disposable": "^1.3.5",
        "@lumino/domutils": "^1.1.7",
        "@lumino/keyboard": "^1.1.6",
        "@lumino/signaling": "^1.3.5",
        "@lumino/virtualdom": "^1.6.1"
      }
    },
    "@lumino/coreutils": {
      "version": "1.4.2",
      "resolved": "https://registry.npmjs.org/@lumino/coreutils/-/coreutils-1.4.2.tgz",
      "integrity": "sha512-SmQ4YDANe25rZd0bLoW7LVAHmgySjkrJmyNPnPW0GrpBt2u4/6D+EQJ8PCCMNWuJvrljBCdlmgOFsT38qYhfcw=="
    },
    "@lumino/disposable": {
      "version": "1.3.5",
      "resolved": "https://registry.npmjs.org/@lumino/disposable/-/disposable-1.3.5.tgz",
      "integrity": "sha512-IWDAd+nysBnwLhEtW7M62PVk84OEex9OEktZsS6V+19n/o8/Rw4ccL0pt0GFby01CsVK0YcELDoDaMUZsMiAmA==",
      "requires": {
        "@lumino/algorithm": "^1.2.3",
        "@lumino/signaling": "^1.3.5"
      }
    },
    "@lumino/domutils": {
      "version": "1.2.3",
      "resolved": "https://registry.npmjs.org/@lumino/domutils/-/domutils-1.2.3.tgz",
      "integrity": "sha512-SEi8WZSy+DWMkL5CfAY78MHbi3x83AVmRFxjs9+A6qsFPde+Hr1I4DNtLsSDmfAWsobHHgBnjyNp2ZkQEq0IEA=="
    },
    "@lumino/keyboard": {
      "version": "1.2.3",
      "resolved": "https://registry.npmjs.org/@lumino/keyboard/-/keyboard-1.2.3.tgz",
      "integrity": "sha512-ibS0sz0VABeuJXx2JVSz36sUBMUOcQNCNPybVhwzN/GkJFs0dnDKluMu+3Px0tkB2y33bGPZU/RLZY1Xj/faEA=="
    },
    "@lumino/messaging": {
      "version": "1.3.3",
      "resolved": "https://registry.npmjs.org/@lumino/messaging/-/messaging-1.3.3.tgz",
      "integrity": "sha512-J+0m1aywl64I9/dr9fzE9IwC+eq90T5gUi1hCXP1MFnZh4aLUymmRV5zFw1CNh/vYlNnEu72xxEuhfCfuhiy8g==",
      "requires": {
        "@lumino/algorithm": "^1.2.3",
        "@lumino/collections": "^1.2.3"
      }
    },
    "@lumino/polling": {
      "version": "1.1.1",
      "resolved": "https://registry.npmjs.org/@lumino/polling/-/polling-1.1.1.tgz",
      "integrity": "sha512-4ofwz9zOkh3GtTTPKfX9KmsZD66g8M0BG/lLji86GRCQvQDGJaI35c0qD62jMzacfsVxbCBfp89/sbXGDoRIZA==",
      "requires": {
        "@lumino/coreutils": "^1.4.2",
        "@lumino/disposable": "^1.3.5",
        "@lumino/signaling": "^1.3.5"
      }
    },
    "@lumino/properties": {
      "version": "1.1.6",
      "resolved": "https://registry.npmjs.org/@lumino/properties/-/properties-1.1.6.tgz",
      "integrity": "sha512-QnZa1IB7sr4Tawf0OKvwgZAptxDRK7DUAMJ71zijXNXH4FlxyThzOWXef51HHFsISKYa8Rn3rysOwtc62XkmXw=="
    },
    "@lumino/signaling": {
      "version": "1.3.5",
      "resolved": "https://registry.npmjs.org/@lumino/signaling/-/signaling-1.3.5.tgz",
      "integrity": "sha512-6jniKrLrJOXKJmaJyU7hr6PBzE4GJ5Wms5hc/yzNKKDBxGSEPdtNJlW3wTNUuSTTtF/9ItN8A8ZC/G0yIu53Tw==",
      "requires": {
        "@lumino/algorithm": "^1.2.3"
      }
    },
    "@lumino/virtualdom": {
      "version": "1.6.1",
      "resolved": "https://registry.npmjs.org/@lumino/virtualdom/-/virtualdom-1.6.1.tgz",
      "integrity": "sha512-+KdzSw8TCPwvK6qhZr4xTyp6HymvEb2Da0xPdi4RsVUNhYf2gBI03uidXHx76Vx5OIbEgCn1B+0srxvm2ZbWsQ==",
      "requires": {
        "@lumino/algorithm": "^1.2.3"
      }
    },
    "@types/dom4": {
      "version": "2.0.1",
      "resolved": "https://registry.npmjs.org/@types/dom4/-/dom4-2.0.1.tgz",
      "integrity": "sha512-kSkVAvWmMZiCYtvqjqQEwOmvKwcH+V4uiv3qPQ8pAh1Xl39xggGEo8gHUqV4waYGHezdFw0rKBR8Jt0CrQSDZA=="
    },
    "@types/json5": {
      "version": "0.0.30",
      "resolved": "https://registry.npmjs.org/@types/json5/-/json5-0.0.30.tgz",
      "integrity": "sha512-sqm9g7mHlPY/43fcSNrCYfOeX9zkTTK+euO5E6+CVijSMm5tTjkVdwdqRkY3ljjIAf8679vps5jKUoJBCLsMDA=="
    },
    "@types/minimist": {
      "version": "1.2.0",
      "resolved": "https://registry.npmjs.org/@types/minimist/-/minimist-1.2.0.tgz",
      "integrity": "sha1-aaI6OtKcrwCX8G7aWbNh7i8GOfY="
    },
    "@types/node": {
      "version": "14.6.4",
      "resolved": "https://registry.npmjs.org/@types/node/-/node-14.6.4.tgz",
      "integrity": "sha512-Wk7nG1JSaMfMpoMJDKUsWYugliB2Vy55pdjLpmLixeyMi7HizW2I/9QoxsPCkXl3dO+ZOVqPumKaDUv5zJu2uQ=="
    },
    "@types/prop-types": {
      "version": "15.7.3",
      "resolved": "https://registry.npmjs.org/@types/prop-types/-/prop-types-15.7.3.tgz",
      "integrity": "sha512-KfRL3PuHmqQLOG+2tGpRO26Ctg+Cq1E01D2DMriKEATHgWLfeNDmq9e29Q9WIky0dQ3NPkd1mzYH8Lm936Z9qw=="
    },
    "@types/react": {
      "version": "16.9.49",
      "resolved": "https://registry.npmjs.org/@types/react/-/react-16.9.49.tgz",
      "integrity": "sha512-DtLFjSj0OYAdVLBbyjhuV9CdGVHCkHn2R+xr3XkBvK2rS1Y1tkc14XSGjYgm5Fjjr90AxH9tiSzc1pCFMGO06g==",
      "requires": {
        "@types/prop-types": "*",
        "csstype": "^3.0.2"
      },
      "dependencies": {
        "csstype": {
          "version": "3.0.3",
          "resolved": "https://registry.npmjs.org/csstype/-/csstype-3.0.3.tgz",
          "integrity": "sha512-jPl+wbWPOWJ7SXsWyqGRk3lGecbar0Cb0OvZF/r/ZU011R4YqiRehgkQ9p4eQfo9DSDLqLL3wHwfxeJiuIsNag=="
        }
      }
    },
    "@types/react-dom": {
      "version": "16.9.8",
      "resolved": "https://registry.npmjs.org/@types/react-dom/-/react-dom-16.9.8.tgz",
      "integrity": "sha512-ykkPQ+5nFknnlU6lDd947WbQ6TE3NNzbQAkInC2EKY1qeYdTKp7onFusmYZb+ityzx2YviqT6BXSu+LyWWJwcA==",
      "requires": {
        "@types/react": "*"
      }
    },
    "@types/webpack-env": {
      "version": "1.15.2",
      "resolved": "https://registry.npmjs.org/@types/webpack-env/-/webpack-env-1.15.2.tgz",
      "integrity": "sha512-67ZgZpAlhIICIdfQrB5fnDvaKFcDxpKibxznfYRVAT4mQE41Dido/3Ty+E3xGBmTogc5+0Qb8tWhna+5B8z1iQ=="
    },
    "ajv": {
      "version": "6.10.2",
      "resolved": "https://registry.npmjs.org/ajv/-/ajv-6.10.2.tgz",
      "integrity": "sha512-TXtUUEYHuaTEbLZWIKUr5pmBuhDLy+8KYtPYdcV8qC+pOZL+NKqYwvWSRrVXHn+ZmRRAu8vJTAznH7Oag6RVRw==",
      "requires": {
        "fast-deep-equal": "^2.0.1",
        "fast-json-stable-stringify": "^2.0.0",
        "json-schema-traverse": "^0.4.1",
        "uri-js": "^4.2.2"
      }
    },
    "classnames": {
      "version": "2.2.6",
      "resolved": "https://registry.npmjs.org/classnames/-/classnames-2.2.6.tgz",
      "integrity": "sha512-JR/iSQOSt+LQIWwrwEzJ9uk0xfN3mTVYMwt1Ir5mUcSN6pU+V4zQFFaJsclJbPuAUQH+yfWef6tm7l1quW3C8Q=="
    },
    "create-react-context": {
      "version": "0.3.0",
      "resolved": "https://registry.npmjs.org/create-react-context/-/create-react-context-0.3.0.tgz",
      "integrity": "sha512-dNldIoSuNSvlTJ7slIKC/ZFGKexBMBrrcc+TTe1NdmROnaASuLPvqpwj9v4XS4uXZ8+YPu0sNmShX2rXI5LNsw==",
      "requires": {
        "gud": "^1.0.0",
        "warning": "^4.0.3"
      }
    },
    "csstype": {
      "version": "2.6.13",
      "resolved": "https://registry.npmjs.org/csstype/-/csstype-2.6.13.tgz",
      "integrity": "sha512-ul26pfSQTZW8dcOnD2iiJssfXw0gdNVX9IJDH/X3K5DGPfj+fUYe3kB+swUY6BF3oZDxaID3AJt+9/ojSAE05A=="
    },
    "deep-equal": {
      "version": "1.1.1",
      "resolved": "https://registry.npmjs.org/deep-equal/-/deep-equal-1.1.1.tgz",
      "integrity": "sha512-yd9c5AdiqVcR+JjcwUQb9DkhJc8ngNr0MahEBGvDiJw8puWab2yZlh+nkasOnZP+EGTAP6rRp2JzJhJZzvNF8g==",
      "requires": {
        "is-arguments": "^1.0.4",
        "is-date-object": "^1.0.1",
        "is-regex": "^1.0.4",
        "object-is": "^1.0.1",
        "object-keys": "^1.1.1",
        "regexp.prototype.flags": "^1.2.0"
      }
    },
    "define-properties": {
      "version": "1.1.3",
      "resolved": "https://registry.npmjs.org/define-properties/-/define-properties-1.1.3.tgz",
      "integrity": "sha512-3MqfYKj2lLzdMSf8ZIZE/V+Zuy+BgD6f164e8K2w7dgnpKArBDerGYpM46IYYcjnkdPNMjPk9A6VFB8+3SKlXQ==",
      "requires": {
        "object-keys": "^1.0.12"
      }
    },
    "dom-helpers": {
      "version": "3.4.0",
      "resolved": "https://registry.npmjs.org/dom-helpers/-/dom-helpers-3.4.0.tgz",
      "integrity": "sha512-LnuPJ+dwqKDIyotW1VzmOZ5TONUN7CwkCR5hrgawTUbkBGYdeoNLZo6nNfGkCrjtE1nXXaj7iMMpDa8/d9WoIA==",
      "requires": {
        "@babel/runtime": "^7.1.2"
      }
    },
    "dom4": {
      "version": "2.1.5",
      "resolved": "https://registry.npmjs.org/dom4/-/dom4-2.1.5.tgz",
      "integrity": "sha512-gJbnVGq5zaBUY0lUh0LUEVGYrtN75Ks8ZwpwOYvnVFrKy/qzXK4R/1WuLIFExWj/tBxbRAkTzZUGJHXmqsBNjQ=="
    },
    "es-abstract": {
      "version": "1.17.6",
      "resolved": "https://registry.npmjs.org/es-abstract/-/es-abstract-1.17.6.tgz",
      "integrity": "sha512-Fr89bON3WFyUi5EvAeI48QTWX0AyekGgLA8H+c+7fbfCkJwRWRMLd8CQedNEyJuoYYhmtEqY92pgte1FAhBlhw==",
      "requires": {
        "es-to-primitive": "^1.2.1",
        "function-bind": "^1.1.1",
        "has": "^1.0.3",
        "has-symbols": "^1.0.1",
        "is-callable": "^1.2.0",
        "is-regex": "^1.1.0",
        "object-inspect": "^1.7.0",
        "object-keys": "^1.1.1",
        "object.assign": "^4.1.0",
        "string.prototype.trimend": "^1.0.1",
        "string.prototype.trimstart": "^1.0.1"
      }
    },
    "es-to-primitive": {
      "version": "1.2.1",
      "resolved": "https://registry.npmjs.org/es-to-primitive/-/es-to-primitive-1.2.1.tgz",
      "integrity": "sha512-QCOllgZJtaUo9miYBcLChTUaHNjJF3PYs1VidD7AwiEj1kYxKeQTctLAezAOH5ZKRH0g2IgPn6KwB4IT8iRpvA==",
      "requires": {
        "is-callable": "^1.1.4",
        "is-date-object": "^1.0.1",
        "is-symbol": "^1.0.2"
      }
    },
    "fast-deep-equal": {
      "version": "2.0.1",
      "resolved": "https://registry.npmjs.org/fast-deep-equal/-/fast-deep-equal-2.0.1.tgz",
      "integrity": "sha1-ewUhjd+WZ79/Nwv3/bLLFf3Qqkk="
    },
    "fast-json-stable-stringify": {
      "version": "2.1.0",
      "resolved": "https://registry.npmjs.org/fast-json-stable-stringify/-/fast-json-stable-stringify-2.1.0.tgz",
      "integrity": "sha512-lhd/wF+Lk98HZoTCtlVraHtfh5XYijIjalXck7saUtuanSDyLMxnHhSXEDJqHxD7msR8D0uCmqlkwjCV8xvwHw=="
    },
    "free-style": {
      "version": "2.6.1",
      "resolved": "https://registry.npmjs.org/free-style/-/free-style-2.6.1.tgz",
      "integrity": "sha512-uaVA8e57tvhrFKAl6x32SGIrGFBoeTAFtfHDzWxjPhiXQiUxOI6EEdEReRkjNO2H9XcdMJXXEnMHw8Q7iMYLbw=="
    },
    "function-bind": {
      "version": "1.1.1",
      "resolved": "https://registry.npmjs.org/function-bind/-/function-bind-1.1.1.tgz",
      "integrity": "sha512-yIovAzMX49sF8Yl58fSCWJ5svSLuaibPxXQJFLmBObTuCr0Mf1KiPopGM9NiFjiYBCbfaa2Fh6breQ6ANVTI0A=="
    },
    "gud": {
      "version": "1.0.0",
      "resolved": "https://registry.npmjs.org/gud/-/gud-1.0.0.tgz",
      "integrity": "sha512-zGEOVKFM5sVPPrYs7J5/hYEw2Pof8KCyOwyhG8sAF26mCAeUFAcYPu1mwB7hhpIP29zOIBaDqwuHdLp0jvZXjw=="
    },
    "has": {
      "version": "1.0.3",
      "resolved": "https://registry.npmjs.org/has/-/has-1.0.3.tgz",
      "integrity": "sha512-f2dvO0VU6Oej7RkWJGrehjbzMAjFp5/VKPp5tTpWIV4JHHZK1/BxbFRtf/siA2SWTe09caDmVtYYzWEIbBS4zw==",
      "requires": {
        "function-bind": "^1.1.1"
      }
    },
    "has-symbols": {
      "version": "1.0.1",
      "resolved": "https://registry.npmjs.org/has-symbols/-/has-symbols-1.0.1.tgz",
      "integrity": "sha512-PLcsoqu++dmEIZB+6totNFKq/7Do+Z0u4oT0zKOJNl3lYK6vGwwu2hjHs+68OEZbTjiUE9bgOABXbP/GvrS0Kg=="
    },
    "is-arguments": {
      "version": "1.0.4",
      "resolved": "https://registry.npmjs.org/is-arguments/-/is-arguments-1.0.4.tgz",
      "integrity": "sha512-xPh0Rmt8NE65sNzvyUmWgI1tz3mKq74lGA0mL8LYZcoIzKOzDh6HmrYm3d18k60nHerC8A9Km8kYu87zfSFnLA=="
    },
    "is-callable": {
      "version": "1.2.0",
      "resolved": "https://registry.npmjs.org/is-callable/-/is-callable-1.2.0.tgz",
      "integrity": "sha512-pyVD9AaGLxtg6srb2Ng6ynWJqkHU9bEM087AKck0w8QwDarTfNcpIYoU8x8Hv2Icm8u6kFJM18Dag8lyqGkviw=="
    },
    "is-date-object": {
      "version": "1.0.2",
      "resolved": "https://registry.npmjs.org/is-date-object/-/is-date-object-1.0.2.tgz",
      "integrity": "sha512-USlDT524woQ08aoZFzh3/Z6ch9Y/EWXEHQ/AaRN0SkKq4t2Jw2R2339tSXmwuVoY7LLlBCbOIlx2myP/L5zk0g=="
    },
    "is-regex": {
      "version": "1.1.1",
      "resolved": "https://registry.npmjs.org/is-regex/-/is-regex-1.1.1.tgz",
      "integrity": "sha512-1+QkEcxiLlB7VEyFtyBg94e08OAsvq7FUBgApTq/w2ymCLyKJgDPsybBENVtA7XCQEgEXxKPonG+mvYRxh/LIg==",
      "requires": {
        "has-symbols": "^1.0.1"
      }
    },
    "is-symbol": {
      "version": "1.0.3",
      "resolved": "https://registry.npmjs.org/is-symbol/-/is-symbol-1.0.3.tgz",
      "integrity": "sha512-OwijhaRSgqvhm/0ZdAcXNZt9lYdKFpcRDT5ULUuYXPoT794UNOdU+gpT6Rzo7b4V2HUl/op6GqY894AZwv9faQ==",
      "requires": {
        "has-symbols": "^1.0.1"
      }
    },
    "js-tokens": {
      "version": "4.0.0",
      "resolved": "https://registry.npmjs.org/js-tokens/-/js-tokens-4.0.0.tgz",
      "integrity": "sha512-RdJUflcE3cUzKiMqQgsCu06FPu9UdIJO0beYbPhHN4k6apgJtifcoCtT9bcxOpYBtpD2kCM6Sbzg4CausW/PKQ=="
    },
    "json-schema-traverse": {
      "version": "0.4.1",
      "resolved": "https://registry.npmjs.org/json-schema-traverse/-/json-schema-traverse-0.4.1.tgz",
      "integrity": "sha512-xbbCH5dCYU5T8LcEhhuh7HJ88HXuW3qsI3Y0zOZFKfZEHcpWiHU/Jxzk629Brsab/mMiHQti9wMP+845RPe3Vg=="
    },
    "json5": {
      "version": "2.1.1",
      "resolved": "https://registry.npmjs.org/json5/-/json5-2.1.1.tgz",
      "integrity": "sha512-l+3HXD0GEI3huGq1njuqtzYK8OYJyXMkOLtQ53pjWh89tvWS2h6l+1zMkYWqlb57+SiQodKZyvMEFb2X+KrFhQ==",
      "requires": {
        "minimist": "^1.2.0"
      }
    },
    "loose-envify": {
      "version": "1.4.0",
      "resolved": "https://registry.npmjs.org/loose-envify/-/loose-envify-1.4.0.tgz",
      "integrity": "sha512-lyuxPGr/Wfhrlem2CL/UcnUc1zcqKAImBDzukY7Y5F/yQiNdko6+fRLevlw1HgMySw7f611UIY408EtxRSoK3Q==",
      "requires": {
        "js-tokens": "^3.0.0 || ^4.0.0"
      }
    },
    "minimist": {
      "version": "1.2.0",
      "resolved": "https://registry.npmjs.org/minimist/-/minimist-1.2.0.tgz",
      "integrity": "sha1-o1AIsg9BOD7sH7kU9M1d95omQoQ="
    },
    "moment": {
      "version": "2.24.0",
      "resolved": "https://registry.npmjs.org/moment/-/moment-2.24.0.tgz",
      "integrity": "sha512-bV7f+6l2QigeBBZSM/6yTNq4P2fNpSWj/0e7jQcy87A8e7o2nAfP/34/2ky5Vw4B9S446EtIhodAzkFCcR4dQg=="
    },
    "normalize.css": {
      "version": "8.0.1",
      "resolved": "https://registry.npmjs.org/normalize.css/-/normalize.css-8.0.1.tgz",
      "integrity": "sha512-qizSNPO93t1YUuUhP22btGOo3chcvDFqFaj2TRybP0DMxkHOCTYwp3n34fel4a31ORXy4m1Xq0Gyqpb5m33qIg=="
    },
    "object-assign": {
      "version": "4.1.1",
      "resolved": "https://registry.npmjs.org/object-assign/-/object-assign-4.1.1.tgz",
      "integrity": "sha1-IQmtx5ZYh8/AXLvUQsrIv7s2CGM="
    },
    "object-inspect": {
      "version": "1.8.0",
      "resolved": "https://registry.npmjs.org/object-inspect/-/object-inspect-1.8.0.tgz",
      "integrity": "sha512-jLdtEOB112fORuypAyl/50VRVIBIdVQOSUUGQHzJ4xBSbit81zRarz7GThkEFZy1RceYrWYcPcBFPQwHyAc1gA=="
    },
    "object-is": {
      "version": "1.1.2",
      "resolved": "https://registry.npmjs.org/object-is/-/object-is-1.1.2.tgz",
      "integrity": "sha512-5lHCz+0uufF6wZ7CRFWJN3hp8Jqblpgve06U5CMQ3f//6iDjPr2PEo9MWCjEssDsa+UZEL4PkFpr+BMop6aKzQ==",
      "requires": {
        "define-properties": "^1.1.3",
        "es-abstract": "^1.17.5"
      }
    },
    "object-keys": {
      "version": "1.1.1",
      "resolved": "https://registry.npmjs.org/object-keys/-/object-keys-1.1.1.tgz",
      "integrity": "sha512-NuAESUOUMrlIXOfHKzD6bpPu3tYt3xvjNdRIQ+FeT0lNb4K8WR70CaDxhuNguS2XG+GjkyMwOzsN5ZktImfhLA=="
    },
    "object.assign": {
      "version": "4.1.0",
      "resolved": "https://registry.npmjs.org/object.assign/-/object.assign-4.1.0.tgz",
      "integrity": "sha512-exHJeq6kBKj58mqGyTQ9DFvrZC/eR6OwxzoM9YRoGBqrXYonaFyGiFMuc9VZrXf7DarreEwMpurG3dd+CNyW5w==",
      "requires": {
        "define-properties": "^1.1.2",
        "function-bind": "^1.1.1",
        "has-symbols": "^1.0.0",
        "object-keys": "^1.0.11"
      }
    },
    "path-posix": {
      "version": "1.0.0",
      "resolved": "https://registry.npmjs.org/path-posix/-/path-posix-1.0.0.tgz",
      "integrity": "sha1-BrJhE/Vr6rBCVFojv6iAA8ysJg8="
    },
    "popper.js": {
      "version": "1.16.1",
      "resolved": "https://registry.npmjs.org/popper.js/-/popper.js-1.16.1.tgz",
      "integrity": "sha512-Wb4p1J4zyFTbM+u6WuO4XstYx4Ky9Cewe4DWrel7B0w6VVICvPwdOpotjzcf6eD8TsckVnIMNONQyPIUFOUbCQ=="
    },
    "prop-types": {
      "version": "15.7.2",
      "resolved": "https://registry.npmjs.org/prop-types/-/prop-types-15.7.2.tgz",
      "integrity": "sha512-8QQikdH7//R2vurIJSutZ1smHYTcLpRWEOlHnzcWHmBYrOGUysKwSsrC89BCiFj3CbrfJ/nXFdJepOVrY1GCHQ==",
      "requires": {
        "loose-envify": "^1.4.0",
        "object-assign": "^4.1.1",
        "react-is": "^16.8.1"
      }
    },
    "punycode": {
      "version": "2.1.1",
      "resolved": "https://registry.npmjs.org/punycode/-/punycode-2.1.1.tgz",
      "integrity": "sha512-XRsRjdf+j5ml+y/6GKHPZbrF/8p2Yga0JPtdqTIY2Xe5ohJPD9saDJJLPvp9+NSBprVvevdXZybnj2cv8OEd0A=="
    },
    "querystringify": {
      "version": "2.2.0",
      "resolved": "https://registry.npmjs.org/querystringify/-/querystringify-2.2.0.tgz",
      "integrity": "sha512-FIqgj2EUvTa7R50u0rGsyTftzjYmv/a3hO345bZNrqabNqjtgiDMgmo4mkUjd+nzU5oF3dClKqFIPUKybUyqoQ=="
    },
    "react": {
      "version": "16.9.0",
      "resolved": "https://registry.npmjs.org/react/-/react-16.9.0.tgz",
      "integrity": "sha512-+7LQnFBwkiw+BobzOF6N//BdoNw0ouwmSJTEm9cglOOmsg/TMiFHZLe2sEoN5M7LgJTj9oHH0gxklfnQe66S1w==",
      "requires": {
        "loose-envify": "^1.1.0",
        "object-assign": "^4.1.1",
        "prop-types": "^15.6.2"
      }
    },
    "react-dom": {
      "version": "16.9.0",
      "resolved": "https://registry.npmjs.org/react-dom/-/react-dom-16.9.0.tgz",
      "integrity": "sha512-YFT2rxO9hM70ewk9jq0y6sQk8cL02xm4+IzYBz75CQGlClQQ1Bxq0nhHF6OtSbit+AIahujJgb/CPRibFkMNJQ==",
      "requires": {
        "loose-envify": "^1.1.0",
        "object-assign": "^4.1.1",
        "prop-types": "^15.6.2",
        "scheduler": "^0.15.0"
      }
    },
    "react-is": {
      "version": "16.13.1",
      "resolved": "https://registry.npmjs.org/react-is/-/react-is-16.13.1.tgz",
      "integrity": "sha512-24e6ynE2H+OKt4kqsOvNd8kBpV65zoxbA4BVsEOB3ARVWQki/DHzaUoC5KuON/BiccDaCCTZBuOcfZs70kR8bQ=="
    },
    "react-lifecycles-compat": {
      "version": "3.0.4",
      "resolved": "https://registry.npmjs.org/react-lifecycles-compat/-/react-lifecycles-compat-3.0.4.tgz",
      "integrity": "sha512-fBASbA6LnOU9dOU2eW7aQ8xmYBSXUIWr+UmF9b1efZBazGNO+rcXT/icdKnYm2pTwcRylVUYwW7H1PHfLekVzA=="
    },
    "react-popper": {
      "version": "1.3.7",
      "resolved": "https://registry.npmjs.org/react-popper/-/react-popper-1.3.7.tgz",
      "integrity": "sha512-nmqYTx7QVjCm3WUZLeuOomna138R1luC4EqkW3hxJUrAe+3eNz3oFCLYdnPwILfn0mX1Ew2c3wctrjlUMYYUww==",
      "requires": {
        "@babel/runtime": "^7.1.2",
        "create-react-context": "^0.3.0",
        "deep-equal": "^1.1.1",
        "popper.js": "^1.14.4",
        "prop-types": "^15.6.1",
        "typed-styles": "^0.0.7",
        "warning": "^4.0.2"
      }
    },
    "react-transition-group": {
      "version": "2.9.0",
      "resolved": "https://registry.npmjs.org/react-transition-group/-/react-transition-group-2.9.0.tgz",
      "integrity": "sha512-+HzNTCHpeQyl4MJ/bdE0u6XRMe9+XG/+aL4mCxVN4DnPBQ0/5bfHWPDuOZUzYdMj94daZaZdCCc1Dzt9R/xSSg==",
      "requires": {
        "dom-helpers": "^3.4.0",
        "loose-envify": "^1.4.0",
        "prop-types": "^15.6.2",
        "react-lifecycles-compat": "^3.0.4"
      }
    },
    "regenerator-runtime": {
      "version": "0.13.7",
      "resolved": "https://registry.npmjs.org/regenerator-runtime/-/regenerator-runtime-0.13.7.tgz",
      "integrity": "sha512-a54FxoJDIr27pgf7IgeQGxmqUNYrcV338lf/6gH456HZ/PhX+5BcwHXG9ajESmwe6WRO0tAzRUrRmNONWgkrew=="
    },
    "regexp.prototype.flags": {
      "version": "1.3.0",
      "resolved": "https://registry.npmjs.org/regexp.prototype.flags/-/regexp.prototype.flags-1.3.0.tgz",
      "integrity": "sha512-2+Q0C5g951OlYlJz6yu5/M33IcsESLlLfsyIaLJaG4FA2r4yP8MvVMJUUP/fVBkSpbbbZlS5gynbEWLipiiXiQ==",
      "requires": {
        "define-properties": "^1.1.3",
        "es-abstract": "^1.17.0-next.1"
      }
    },
    "requires-port": {
      "version": "1.0.0",
      "resolved": "https://registry.npmjs.org/requires-port/-/requires-port-1.0.0.tgz",
      "integrity": "sha1-kl0mAdOaxIXgkc8NpcbmlNw9yv8="
    },
    "resize-observer-polyfill": {
      "version": "1.5.1",
      "resolved": "https://registry.npmjs.org/resize-observer-polyfill/-/resize-observer-polyfill-1.5.1.tgz",
      "integrity": "sha512-LwZrotdHOo12nQuZlHEmtuXdqGoOD0OhaxopaNFxWzInpEgaLWoVuAMbTzixuosCx2nEG58ngzW3vxdWoxIgdg=="
    },
    "scheduler": {
      "version": "0.15.0",
      "resolved": "https://registry.npmjs.org/scheduler/-/scheduler-0.15.0.tgz",
      "integrity": "sha512-xAefmSfN6jqAa7Kuq7LIJY0bwAPG3xlCj0HMEBQk1lxYiDKZscY2xJ5U/61ZTrYbmNQbXa+gc7czPkVo11tnCg==",
      "requires": {
        "loose-envify": "^1.1.0",
        "object-assign": "^4.1.1"
      }
    },
    "string.prototype.trimend": {
      "version": "1.0.1",
      "resolved": "https://registry.npmjs.org/string.prototype.trimend/-/string.prototype.trimend-1.0.1.tgz",
      "integrity": "sha512-LRPxFUaTtpqYsTeNKaFOw3R4bxIzWOnbQ837QfBylo8jIxtcbK/A/sMV7Q+OAV/vWo+7s25pOE10KYSjaSO06g==",
      "requires": {
        "define-properties": "^1.1.3",
        "es-abstract": "^1.17.5"
      }
    },
    "string.prototype.trimstart": {
      "version": "1.0.1",
      "resolved": "https://registry.npmjs.org/string.prototype.trimstart/-/string.prototype.trimstart-1.0.1.tgz",
      "integrity": "sha512-XxZn+QpvrBI1FOcg6dIpxUPgWCPuNXvMD72aaRaUQv1eD4e/Qy8i/hFTe0BUmD60p/QA6bh1avmuPTfNjqVWRw==",
      "requires": {
        "define-properties": "^1.1.3",
        "es-abstract": "^1.17.5"
      }
    },
    "tslib": {
      "version": "1.9.3",
      "resolved": "https://registry.npmjs.org/tslib/-/tslib-1.9.3.tgz",
      "integrity": "sha512-4krF8scpejhaOgqzBEcGM7yDIEfi0/8+8zDRZhNZZ2kjmHJ4hv3zCbQWxoJGz1iw5U0Jl0nma13xzHXcncMavQ=="
    },
    "typed-styles": {
      "version": "0.0.7",
      "resolved": "https://registry.npmjs.org/typed-styles/-/typed-styles-0.0.7.tgz",
      "integrity": "sha512-pzP0PWoZUhsECYjABgCGQlRGL1n7tOHsgwYv3oIiEpJwGhFTuty/YNeduxQYzXXa3Ge5BdT6sHYIQYpl4uJ+5Q=="
    },
    "typestyle": {
      "version": "2.0.4",
      "resolved": "https://registry.npmjs.org/typestyle/-/typestyle-2.0.4.tgz",
      "integrity": "sha512-+57eGqcEjiAc51hB/zXnZFoVuzwuxb9WbPpb1VT2zPJPIo88wGXod7dHa0IJ1Ue+sncHj2WZMZEPJRAqwVraoA==",
      "requires": {
        "csstype": "^2.4.0",
        "free-style": "2.6.1"
      }
    },
    "uri-js": {
      "version": "4.4.0",
      "resolved": "https://registry.npmjs.org/uri-js/-/uri-js-4.4.0.tgz",
      "integrity": "sha512-B0yRTzYdUCCn9n+F4+Gh4yIDtMQcaJsmYBDsTSG8g/OejKBodLQ2IHfN3bM7jUsRXndopT7OIXWdYqc1fjmV6g==",
      "requires": {
        "punycode": "^2.1.0"
      }
    },
    "url-parse": {
      "version": "1.4.7",
      "resolved": "https://registry.npmjs.org/url-parse/-/url-parse-1.4.7.tgz",
      "integrity": "sha512-d3uaVyzDB9tQoSXFvuSUNFibTd9zxd2bkVrDRvF5TmvWWQwqE4lgYJ5m+x1DbecWkw+LK4RNl2CU1hHuOKPVlg==",
      "requires": {
        "querystringify": "^2.1.1",
        "requires-port": "^1.0.0"
      }
    },
    "warning": {
      "version": "4.0.3",
      "resolved": "https://registry.npmjs.org/warning/-/warning-4.0.3.tgz",
      "integrity": "sha512-rpJyN222KWIvHJ/F53XSZv0Zl/accqHR8et1kpaMTD/fLCRxtV8iX8czMzY7sVZupTI3zcUTg8eycS2kNF9l6w==",
      "requires": {
        "loose-envify": "^1.0.0"
      }
    }
  }
}
